
Microsoft Visual Studio Solution File, Format Version 12.00
# Visual Studio Version 16
VisualStudioVersion = 16.0.32228.343
MinimumVisualStudioVersion = 10.0.40219.1
Project("{FAE04EC0-301F-11D3-BF4B-00C04F79EFBC}") = "WebApplication1", "WebApplication1\WebApplication1.csproj", "{F62E124F-E9FC-4764-8285-525CE67EC5EF}"
EndProject
Global
	GlobalSection(SolutionConfigurationPlatforms) = preSolution
		Debug|Any CPU = Debug|Any CPU
		Release|Any CPU = Release|Any CPU
	EndGlobalSection
	GlobalSection(ProjectConfigurationPlatforms) = postSolution
		{F62E124F-E9FC-4764-8285-525CE67EC5EF}.Debug|Any CPU.ActiveCfg = Debug|Any CPU
		{F62E124F-E9FC-4764-8285-525CE67EC5EF}.Debug|Any CPU.Build.0 = Debug|Any CPU
		{F62E124F-E9FC-4764-8285-525CE67EC5EF}.Release|Any CPU.ActiveCfg = Release|Any CPU
		{F62E124F-E9FC-4764-8285-525CE67EC5EF}.Release|Any CPU.Build.0 = Release|Any CPU
	EndGlobalSection
	GlobalSection(SolutionProperties) = preSolution
		HideSolutionNode = FALSE
	EndGlobalSection
	GlobalSection(ExtensibilityGlobals) = postSolution
		SolutionGuid = {F0BE49E9-BE72-44C3-86F5-580FA99D771A}
	EndGlobalSection
EndGlobal
